
Microsoft Visual Studio Solution File, Format Version 12.00
# Visual Studio Version 17
VisualStudioVersion = 17.13.35931.197 d17.13
MinimumVisualStudioVersion = 10.0.40219.1
Project("{FAE04EC0-301F-11D3-BF4B-00C04F79EFBC}") = "Projeto 620", "Projeto 620\Projeto 620.csproj", "{BBDC885C-2778-4D63-8C40-9A1FA2A80EA3}"
EndProject
Global
	GlobalSection(SolutionConfigurationPlatforms) = preSolution
		Debug|Any CPU = Debug|Any CPU
		Release|Any CPU = Release|Any CPU
	EndGlobalSection
	GlobalSection(ProjectConfigurationPlatforms) = postSolution
		{BBDC885C-2778-4D63-8C40-9A1FA2A80EA3}.Debug|Any CPU.ActiveCfg = Debug|Any CPU
		{BBDC885C-2778-4D63-8C40-9A1FA2A80EA3}.Debug|Any CPU.Build.0 = Debug|Any CPU
		{BBDC885C-2778-4D63-8C40-9A1FA2A80EA3}.Release|Any CPU.ActiveCfg = Release|Any CPU
		{BBDC885C-2778-4D63-8C40-9A1FA2A80EA3}.Release|Any CPU.Build.0 = Release|Any CPU
	EndGlobalSection
	GlobalSection(SolutionProperties) = preSolution
		HideSolutionNode = FALSE
	EndGlobalSection
	GlobalSection(ExtensibilityGlobals) = postSolution
		SolutionGuid = {5CF60C91-C881-4320-8AA6-D5204905BD0D}
	EndGlobalSection
EndGlobal
